
Microsoft Visual Studio Solution File, Format Version 12.00
# Visual Studio Version 16
VisualStudioVersion = 16.0.31729.503
MinimumVisualStudioVersion = 10.0.40219.1
Project("{FAE04EC0-301F-11D3-BF4B-00C04F79EFBC}") = "GuessNumber", "GuessNumber\GuessNumber.csproj", "{3F68BB11-107B-47E9-A9C6-41A55D7B1FA7}"
EndProject
Global
	GlobalSection(SolutionConfigurationPlatforms) = preSolution
		Debug|Any CPU = Debug|Any CPU
		Release|Any CPU = Release|Any CPU
	EndGlobalSection
	GlobalSection(ProjectConfigurationPlatforms) = postSolution
		{3F68BB11-107B-47E9-A9C6-41A55D7B1FA7}.Debug|Any CPU.ActiveCfg = Debug|Any CPU
		{3F68BB11-107B-47E9-A9C6-41A55D7B1FA7}.Debug|Any CPU.Build.0 = Debug|Any CPU
		{3F68BB11-107B-47E9-A9C6-41A55D7B1FA7}.Release|Any CPU.ActiveCfg = Release|Any CPU
		{3F68BB11-107B-47E9-A9C6-41A55D7B1FA7}.Release|Any CPU.Build.0 = Release|Any CPU
	EndGlobalSection
	GlobalSection(SolutionProperties) = preSolution
		HideSolutionNode = FALSE
	EndGlobalSection
	GlobalSection(ExtensibilityGlobals) = postSolution
		SolutionGuid = {E3A69CB2-D142-47E8-A7DE-3884A19DCE16}
	EndGlobalSection
EndGlobal
